
Microsoft Visual Studio Solution File, Format Version 12.00
# Visual Studio Version 16
VisualStudioVersion = 16.0.32428.217
MinimumVisualStudioVersion = 10.0.40219.1
Project("{FAE04EC0-301F-11D3-BF4B-00C04F79EFBC}") = "codeFristapjoins", "codeFristapjoins\codeFristapjoins.csproj", "{8B103182-4A86-4660-B50E-32784CF1BCA4}"
EndProject
Global
	GlobalSection(SolutionConfigurationPlatforms) = preSolution
		Debug|Any CPU = Debug|Any CPU
		Release|Any CPU = Release|Any CPU
	EndGlobalSection
	GlobalSection(ProjectConfigurationPlatforms) = postSolution
		{8B103182-4A86-4660-B50E-32784CF1BCA4}.Debug|Any CPU.ActiveCfg = Debug|Any CPU
		{8B103182-4A86-4660-B50E-32784CF1BCA4}.Debug|Any CPU.Build.0 = Debug|Any CPU
		{8B103182-4A86-4660-B50E-32784CF1BCA4}.Release|Any CPU.ActiveCfg = Release|Any CPU
		{8B103182-4A86-4660-B50E-32784CF1BCA4}.Release|Any CPU.Build.0 = Release|Any CPU
	EndGlobalSection
	GlobalSection(SolutionProperties) = preSolution
		HideSolutionNode = FALSE
	EndGlobalSection
	GlobalSection(ExtensibilityGlobals) = postSolution
		SolutionGuid = {190C76A8-E5B8-494D-AFD9-8EB76F058EE5}
	EndGlobalSection
EndGlobal
